{
  "name": "hexo-pinyin-ruby-marks",
  "version": "0.1.5",
  "lockfileVersion": 1,
  "requires": true,
  "dependencies": {
    "pinyin-tone": {
      "version": "0.1.4",
      "resolved": "https://registry.npmjs.org/pinyin-tone/-/pinyin-tone-0.1.4.tgz",
      "integrity": "sha512-aPEoDOOZLLVX5Vfr3uwmSYoQBEDJF9mn2os7O9TbgqLixB5rSBRAb/7B429PUCJ0tEfhe0b4pJHo9Jy4D6HEiA=="
    }
  }
}
