{
  "name": "hexo-pinyin-ruby-marks",
  "version": "0.1.0",
  "lockfileVersion": 1,
  "requires": true,
  "dependencies": {
    "pinyin-tone": {
      "version": "0.1.0",
      "resolved": "https://registry.npmjs.org/pinyin-tone/-/pinyin-tone-0.1.0.tgz",
      "integrity": "sha512-W33q7hoZPrpLBYVcWjUEnKio6baFhouf/G4BKGjQPKNzzjgiVwUQBQua0R/ku+ahcKsvhmZi7Wn9jP3ztW6ooQ=="
    }
  }
}
