{
  "name": "hexo-pinyin-ruby-marks",
  "version": "0.2.1",
  "lockfileVersion": 1,
  "requires": true,
  "dependencies": {
    "pinyin-tone": {
      "version": "1.2.0",
      "resolved": "https://registry.npmjs.org/pinyin-tone/-/pinyin-tone-1.2.0.tgz",
      "integrity": "sha512-lcgXZ/MlLsHM4/9WFMRP6QFa7rUqHPB/B1kA/521YMw7KZdmAR0HXEvyWcPYro0QnL33cFzgRoNaeHiCwrWvLQ=="
    }
  }
}
